
Microsoft Visual Studio Solution File, Format Version 12.00
# Visual Studio Version 16
VisualStudioVersion = 16.0.29201.188
MinimumVisualStudioVersion = 10.0.40219.1
Project("{2150E333-8FDC-42A3-9474-1A3956D46DE8}") = "Solution Items", "Solution Items", "{93E87796-2109-444A-8852-7174C93E6F45}"
	ProjectSection(SolutionItems) = preProject
		.gitignore = .gitignore
		Icon.png = Icon.png
		Raspberry.IO.GeneralPurpose.nuspec = Raspberry.IO.GeneralPurpose.nuspec
		README.md = README.md
		SharedAssemblyInfo.cs = SharedAssemblyInfo.cs
	EndProjectSection
EndProject
Project("{2150E333-8FDC-42A3-9474-1A3956D46DE8}") = "Tests", "Tests", "{15ECD485-B3FD-4B6F-8491-7489DFFC89BC}"
EndProject
Project("{2150E333-8FDC-42A3-9474-1A3956D46DE8}") = "UnitTests", "UnitTests", "{C39D0CC3-C0F2-4B58-8779-2CCB5B52534C}"
EndProject
Project("{9A19103F-16F7-4668-BE54-9A1E7A4F7556}") = "Raspberry.IO.NetStandard", "Raspberry.IO.NetStandard\Raspberry.IO.NetStandard.csproj", "{47FF7F48-94BF-468C-BEA6-98BBE601459E}"
EndProject
Project("{9A19103F-16F7-4668-BE54-9A1E7A4F7556}") = "Raspberry.IO.Components.NetStandard", "Raspberry.IO.Components.NetStandard\Raspberry.IO.Components.NetStandard.csproj", "{9DDEBC26-2D4D-4457-8CAD-F667DD88B764}"
EndProject
Project("{9A19103F-16F7-4668-BE54-9A1E7A4F7556}") = "Raspberry.IO.GeneralPurpose.NetStandard", "Raspberry.IO.GeneralPurpose.NetStandard\Raspberry.IO.GeneralPurpose.NetStandard.csproj", "{EE3AFB25-FA54-43C3-80D6-EDF03C1F4E02}"
EndProject
Project("{9A19103F-16F7-4668-BE54-9A1E7A4F7556}") = "Raspberry.IO.InterIntegratedCircuit.NetStandard", "Raspberry.IO.InterIntegratedCircuit.NetStandard\Raspberry.IO.InterIntegratedCircuit.NetStandard.csproj", "{1DAB93BB-3BA9-404E-A6F3-55FF3579DDE5}"
EndProject
Project("{9A19103F-16F7-4668-BE54-9A1E7A4F7556}") = "Raspberry.IO.Interop.NetStandard", "Raspberry.IO.Interop.NetStandard\Raspberry.IO.Interop.NetStandard.csproj", "{229B74B0-4E29-4C48-8AA9-31F5F98B3040}"
EndProject
Project("{9A19103F-16F7-4668-BE54-9A1E7A4F7556}") = "Raspberry.IO.SerialPeripheralInterface.NetStandard", "Raspberry.IO.SerialPeripheralInterface.NetStandard\Raspberry.IO.SerialPeripheralInterface.NetStandard.csproj", "{CEE6020D-5C2E-41E7-9C0E-302BD260F63B}"
EndProject
Project("{9A19103F-16F7-4668-BE54-9A1E7A4F7556}") = "Raspberry.System.NetStandard", "..\..\raspberry-sharp-system-fork\raspberry-sharp-system\Raspberry.System.NetStandard\Raspberry.System.NetStandard.csproj", "{12EE4272-8876-427A-AC7E-C2882CCB750A}"
EndProject
Project("{9A19103F-16F7-4668-BE54-9A1E7A4F7556}") = "Test.Components.PiFaceDigital.NetCore", "Test.Components.PiFaceDigital.NetCore\Test.Components.PiFaceDigital.NetCore.csproj", "{F26A518B-8864-478D-A7AF-6F11A20CEA1A}"
EndProject
Project("{9A19103F-16F7-4668-BE54-9A1E7A4F7556}") = "Test.Components.Ssd1306.NetCore", "Test.Components.Ssd1306.NetCore\Test.Components.Ssd1306.NetCore.csproj", "{28CC2CC1-7674-4619-8825-F9EBB3F534C9}"
EndProject
Project("{9A19103F-16F7-4668-BE54-9A1E7A4F7556}") = "Test.Gpio.Chaser.NetCore", "Test.Gpio.Chaser.NetCore\Test.Gpio.Chaser.NetCore.csproj", "{56A0EC03-3FE5-41E3-B269-4A22FB97BA99}"
EndProject
Project("{9A19103F-16F7-4668-BE54-9A1E7A4F7556}") = "Test.Gpio.DHT11.NetCore", "Test.Gpio.DHT11.NetCore\Test.Gpio.DHT11.NetCore.csproj", "{551DBC30-1541-4BBD-A3CA-566334319126}"
EndProject
Project("{9A19103F-16F7-4668-BE54-9A1E7A4F7556}") = "Test.Gpio.Ds1307.NetCore", "Test.Gpio.Ds1307.NetCore\Test.Gpio.Ds1307.NetCore.csproj", "{4C9B1D06-557D-4DDF-A212-9DE54AB8A3F1}"
EndProject
Project("{9A19103F-16F7-4668-BE54-9A1E7A4F7556}") = "Test.Gpio.HCSR04.NetCore", "Test.Gpio.HCSR04.NetCore\Test.Gpio.HCSR04.NetCore.csproj", "{C7D6CA17-25E1-4465-9BD1-B6D5FE61F556}"
EndProject
Project("{9A19103F-16F7-4668-BE54-9A1E7A4F7556}") = "Test.Gpio.HD44780.NetCore", "Test.Gpio.HD44780.NetCore\Test.Gpio.HD44780.NetCore.csproj", "{538E36EB-C143-4956-A617-C25954E9F2F4}"
EndProject
Project("{9A19103F-16F7-4668-BE54-9A1E7A4F7556}") = "Test.Gpio.Htu21df.NetCore", "Test.Gpio.Htu21df.NetCore\Test.Gpio.Htu21df.NetCore.csproj", "{C43716FF-9587-41FF-A5C1-B3C2096BF44F}"
EndProject
Project("{9A19103F-16F7-4668-BE54-9A1E7A4F7556}") = "Test.Gpio.MCP23008.NetCore", "Test.Gpio.MCP23008.NetCore\Test.Gpio.MCP23008.NetCore.csproj", "{95DF0F77-9871-483A-8E72-675CC2C8AB25}"
EndProject
Project("{9A19103F-16F7-4668-BE54-9A1E7A4F7556}") = "Test.Gpio.MCP23017.NetCore", "Test.Gpio.MCP23017.NetCore\Test.Gpio.MCP23017.NetCore.csproj", "{CD669830-6015-48B1-AF02-EC7F835E7388}"
EndProject
Project("{9A19103F-16F7-4668-BE54-9A1E7A4F7556}") = "Test.Gpio.MCP3008.NetCore", "Test.Gpio.MCP3008.NetCore\Test.Gpio.MCP3008.NetCore.csproj", "{988432AE-CA68-4F6A-9010-8BF73E0C0F3B}"
EndProject
Project("{9A19103F-16F7-4668-BE54-9A1E7A4F7556}") = "Test.Gpio.MCP4822.NetCore", "Test.Gpio.MCP4822.NetCore\Test.Gpio.MCP4822.NetCore.csproj", "{8F498211-1358-4142-9BC9-BEA3B3680747}"
EndProject
Project("{9A19103F-16F7-4668-BE54-9A1E7A4F7556}") = "Test.Gpio.Pca9685.NetCore", "Test.Gpio.Pca9685.NetCore\Test.Gpio.Pca9685.NetCore.csproj", "{594CD73B-53FB-4717-A1AE-A1CF208DC34B}"
EndProject
Project("{9A19103F-16F7-4668-BE54-9A1E7A4F7556}") = "Test.Gpio.WatchPin.NetCore", "Test.Gpio.WatchPin.NetCore\Test.Gpio.WatchPin.NetCore.csproj", "{1727275B-7BFC-4D41-9718-945D1053FDA7}"
EndProject
Project("{9A19103F-16F7-4668-BE54-9A1E7A4F7556}") = "Test.I2C.LTC2943.NetCore", "Test.I2C.LTC2943.NetCore\Test.I2C.LTC2943.NetCore.csproj", "{F57BE551-6F8F-430F-8B88-7784AEE867E3}"
EndProject
Project("{9A19103F-16F7-4668-BE54-9A1E7A4F7556}") = "Test.Spi.MCP3208.NetCore", "Test.Spi.MCP3208.NetCore\Test.Spi.MCP3208.NetCore.csproj", "{E6CE785E-50AD-4507-9BA7-F775D80AA483}"
EndProject
Project("{9A19103F-16F7-4668-BE54-9A1E7A4F7556}") = "Test.Spi.TLC59711.NetCore", "Test.Spi.TLC59711.NetCore\Test.Spi.TLC59711.NetCore.csproj", "{EB854ECA-B0E8-4FB1-BF5F-C1F5BA385A9E}"
EndProject
Project("{9A19103F-16F7-4668-BE54-9A1E7A4F7556}") = "Tests.Raspberry.IO.NetStandard", "Tests.Raspberry.IO.NetStandard\Tests.Raspberry.IO.NetStandard.csproj", "{6C602AF6-3014-4F9E-9E22-3600DC3AB21B}"
EndProject
Project("{FAE04EC0-301F-11D3-BF4B-00C04F79EFBC}") = "Tests.Raspberry.IO.Components.NetStandard", "Tests.Raspberry.IO.Components.NetStandard\Tests.Raspberry.IO.Components.NetStandard.csproj", "{AD3C3BE8-4CD4-47B5-BD44-50D641C8124A}"
EndProject
Project("{FAE04EC0-301F-11D3-BF4B-00C04F79EFBC}") = "Tests.Raspberry.IO.Interop.NetStandard", "Tests.Raspberry.IO.Interop.NetStandard\Tests.Raspberry.IO.Interop.NetStandard.csproj", "{C6CEF4B8-D9F7-4180-A0DD-AFDE81C4117C}"
EndProject
Project("{FAE04EC0-301F-11D3-BF4B-00C04F79EFBC}") = "Tests.Raspberry.IO.SerialPeripheralInterface.NetStandard", "Tests.Raspberry.IO.SerialPeripheralInterface.NetStandard\Tests.Raspberry.IO.SerialPeripheralInterface.NetStandard.csproj", "{C2597955-8A9A-4078-8221-936F79B41316}"
EndProject
Global
	GlobalSection(SolutionConfigurationPlatforms) = preSolution
		Debug|Any CPU = Debug|Any CPU
		Release|Any CPU = Release|Any CPU
	EndGlobalSection
	GlobalSection(ProjectConfigurationPlatforms) = postSolution
		{47FF7F48-94BF-468C-BEA6-98BBE601459E}.Debug|Any CPU.ActiveCfg = Debug|Any CPU
		{47FF7F48-94BF-468C-BEA6-98BBE601459E}.Debug|Any CPU.Build.0 = Debug|Any CPU
		{47FF7F48-94BF-468C-BEA6-98BBE601459E}.Release|Any CPU.ActiveCfg = Release|Any CPU
		{47FF7F48-94BF-468C-BEA6-98BBE601459E}.Release|Any CPU.Build.0 = Release|Any CPU
		{9DDEBC26-2D4D-4457-8CAD-F667DD88B764}.Debug|Any CPU.ActiveCfg = Debug|Any CPU
		{9DDEBC26-2D4D-4457-8CAD-F667DD88B764}.Debug|Any CPU.Build.0 = Debug|Any CPU
		{9DDEBC26-2D4D-4457-8CAD-F667DD88B764}.Release|Any CPU.ActiveCfg = Release|Any CPU
		{9DDEBC26-2D4D-4457-8CAD-F667DD88B764}.Release|Any CPU.Build.0 = Release|Any CPU
		{EE3AFB25-FA54-43C3-80D6-EDF03C1F4E02}.Debug|Any CPU.ActiveCfg = Debug|Any CPU
		{EE3AFB25-FA54-43C3-80D6-EDF03C1F4E02}.Debug|Any CPU.Build.0 = Debug|Any CPU
		{EE3AFB25-FA54-43C3-80D6-EDF03C1F4E02}.Release|Any CPU.ActiveCfg = Release|Any CPU
		{EE3AFB25-FA54-43C3-80D6-EDF03C1F4E02}.Release|Any CPU.Build.0 = Release|Any CPU
		{1DAB93BB-3BA9-404E-A6F3-55FF3579DDE5}.Debug|Any CPU.ActiveCfg = Debug|Any CPU
		{1DAB93BB-3BA9-404E-A6F3-55FF3579DDE5}.Debug|Any CPU.Build.0 = Debug|Any CPU
		{1DAB93BB-3BA9-404E-A6F3-55FF3579DDE5}.Release|Any CPU.ActiveCfg = Release|Any CPU
		{1DAB93BB-3BA9-404E-A6F3-55FF3579DDE5}.Release|Any CPU.Build.0 = Release|Any CPU
		{229B74B0-4E29-4C48-8AA9-31F5F98B3040}.Debug|Any CPU.ActiveCfg = Debug|Any CPU
		{229B74B0-4E29-4C48-8AA9-31F5F98B3040}.Debug|Any CPU.Build.0 = Debug|Any CPU
		{229B74B0-4E29-4C48-8AA9-31F5F98B3040}.Release|Any CPU.ActiveCfg = Release|Any CPU
		{229B74B0-4E29-4C48-8AA9-31F5F98B3040}.Release|Any CPU.Build.0 = Release|Any CPU
		{CEE6020D-5C2E-41E7-9C0E-302BD260F63B}.Debug|Any CPU.ActiveCfg = Debug|Any CPU
		{CEE6020D-5C2E-41E7-9C0E-302BD260F63B}.Debug|Any CPU.Build.0 = Debug|Any CPU
		{CEE6020D-5C2E-41E7-9C0E-302BD260F63B}.Release|Any CPU.ActiveCfg = Release|Any CPU
		{CEE6020D-5C2E-41E7-9C0E-302BD260F63B}.Release|Any CPU.Build.0 = Release|Any CPU
		{12EE4272-8876-427A-AC7E-C2882CCB750A}.Debug|Any CPU.ActiveCfg = Debug|Any CPU
		{12EE4272-8876-427A-AC7E-C2882CCB750A}.Debug|Any CPU.Build.0 = Debug|Any CPU
		{12EE4272-8876-427A-AC7E-C2882CCB750A}.Release|Any CPU.ActiveCfg = Release|Any CPU
		{12EE4272-8876-427A-AC7E-C2882CCB750A}.Release|Any CPU.Build.0 = Release|Any CPU
		{F26A518B-8864-478D-A7AF-6F11A20CEA1A}.Debug|Any CPU.ActiveCfg = Debug|Any CPU
		{F26A518B-8864-478D-A7AF-6F11A20CEA1A}.Debug|Any CPU.Build.0 = Debug|Any CPU
		{F26A518B-8864-478D-A7AF-6F11A20CEA1A}.Release|Any CPU.ActiveCfg = Release|Any CPU
		{F26A518B-8864-478D-A7AF-6F11A20CEA1A}.Release|Any CPU.Build.0 = Release|Any CPU
		{28CC2CC1-7674-4619-8825-F9EBB3F534C9}.Debug|Any CPU.ActiveCfg = Debug|Any CPU
		{28CC2CC1-7674-4619-8825-F9EBB3F534C9}.Debug|Any CPU.Build.0 = Debug|Any CPU
		{28CC2CC1-7674-4619-8825-F9EBB3F534C9}.Release|Any CPU.ActiveCfg = Release|Any CPU
		{28CC2CC1-7674-4619-8825-F9EBB3F534C9}.Release|Any CPU.Build.0 = Release|Any CPU
		{56A0EC03-3FE5-41E3-B269-4A22FB97BA99}.Debug|Any CPU.ActiveCfg = Debug|Any CPU
		{56A0EC03-3FE5-41E3-B269-4A22FB97BA99}.Debug|Any CPU.Build.0 = Debug|Any CPU
		{56A0EC03-3FE5-41E3-B269-4A22FB97BA99}.Release|Any CPU.ActiveCfg = Release|Any CPU
		{56A0EC03-3FE5-41E3-B269-4A22FB97BA99}.Release|Any CPU.Build.0 = Release|Any CPU
		{551DBC30-1541-4BBD-A3CA-566334319126}.Debug|Any CPU.ActiveCfg = Debug|Any CPU
		{551DBC30-1541-4BBD-A3CA-566334319126}.Debug|Any CPU.Build.0 = Debug|Any CPU
		{551DBC30-1541-4BBD-A3CA-566334319126}.Release|Any CPU.ActiveCfg = Release|Any CPU
		{551DBC30-1541-4BBD-A3CA-566334319126}.Release|Any CPU.Build.0 = Release|Any CPU
		{4C9B1D06-557D-4DDF-A212-9DE54AB8A3F1}.Debug|Any CPU.ActiveCfg = Debug|Any CPU
		{4C9B1D06-557D-4DDF-A212-9DE54AB8A3F1}.Debug|Any CPU.Build.0 = Debug|Any CPU
		{4C9B1D06-557D-4DDF-A212-9DE54AB8A3F1}.Release|Any CPU.ActiveCfg = Release|Any CPU
		{4C9B1D06-557D-4DDF-A212-9DE54AB8A3F1}.Release|Any CPU.Build.0 = Release|Any CPU
		{C7D6CA17-25E1-4465-9BD1-B6D5FE61F556}.Debug|Any CPU.ActiveCfg = Debug|Any CPU
		{C7D6CA17-25E1-4465-9BD1-B6D5FE61F556}.Debug|Any CPU.Build.0 = Debug|Any CPU
		{C7D6CA17-25E1-4465-9BD1-B6D5FE61F556}.Release|Any CPU.ActiveCfg = Release|Any CPU
		{C7D6CA17-25E1-4465-9BD1-B6D5FE61F556}.Release|Any CPU.Build.0 = Release|Any CPU
		{538E36EB-C143-4956-A617-C25954E9F2F4}.Debug|Any CPU.ActiveCfg = Debug|Any CPU
		{538E36EB-C143-4956-A617-C25954E9F2F4}.Debug|Any CPU.Build.0 = Debug|Any CPU
		{538E36EB-C143-4956-A617-C25954E9F2F4}.Release|Any CPU.ActiveCfg = Release|Any CPU
		{538E36EB-C143-4956-A617-C25954E9F2F4}.Release|Any CPU.Build.0 = Release|Any CPU
		{C43716FF-9587-41FF-A5C1-B3C2096BF44F}.Debug|Any CPU.ActiveCfg = Debug|Any CPU
		{C43716FF-9587-41FF-A5C1-B3C2096BF44F}.Debug|Any CPU.Build.0 = Debug|Any CPU
		{C43716FF-9587-41FF-A5C1-B3C2096BF44F}.Release|Any CPU.ActiveCfg = Release|Any CPU
		{C43716FF-9587-41FF-A5C1-B3C2096BF44F}.Release|Any CPU.Build.0 = Release|Any CPU
		{95DF0F77-9871-483A-8E72-675CC2C8AB25}.Debug|Any CPU.ActiveCfg = Debug|Any CPU
		{95DF0F77-9871-483A-8E72-675CC2C8AB25}.Debug|Any CPU.Build.0 = Debug|Any CPU
		{95DF0F77-9871-483A-8E72-675CC2C8AB25}.Release|Any CPU.ActiveCfg = Release|Any CPU
		{95DF0F77-9871-483A-8E72-675CC2C8AB25}.Release|Any CPU.Build.0 = Release|Any CPU
		{CD669830-6015-48B1-AF02-EC7F835E7388}.Debug|Any CPU.ActiveCfg = Debug|Any CPU
		{CD669830-6015-48B1-AF02-EC7F835E7388}.Debug|Any CPU.Build.0 = Debug|Any CPU
		{CD669830-6015-48B1-AF02-EC7F835E7388}.Release|Any CPU.ActiveCfg = Release|Any CPU
		{CD669830-6015-48B1-AF02-EC7F835E7388}.Release|Any CPU.Build.0 = Release|Any CPU
		{988432AE-CA68-4F6A-9010-8BF73E0C0F3B}.Debug|Any CPU.ActiveCfg = Debug|Any CPU
		{988432AE-CA68-4F6A-9010-8BF73E0C0F3B}.Debug|Any CPU.Build.0 = Debug|Any CPU
		{988432AE-CA68-4F6A-9010-8BF73E0C0F3B}.Release|Any CPU.ActiveCfg = Release|Any CPU
		{988432AE-CA68-4F6A-9010-8BF73E0C0F3B}.Release|Any CPU.Build.0 = Release|Any CPU
		{8F498211-1358-4142-9BC9-BEA3B3680747}.Debug|Any CPU.ActiveCfg = Debug|Any CPU
		{8F498211-1358-4142-9BC9-BEA3B3680747}.Debug|Any CPU.Build.0 = Debug|Any CPU
		{8F498211-1358-4142-9BC9-BEA3B3680747}.Release|Any CPU.ActiveCfg = Release|Any CPU
		{8F498211-1358-4142-9BC9-BEA3B3680747}.Release|Any CPU.Build.0 = Release|Any CPU
		{594CD73B-53FB-4717-A1AE-A1CF208DC34B}.Debug|Any CPU.ActiveCfg = Debug|Any CPU
		{594CD73B-53FB-4717-A1AE-A1CF208DC34B}.Debug|Any CPU.Build.0 = Debug|Any CPU
		{594CD73B-53FB-4717-A1AE-A1CF208DC34B}.Release|Any CPU.ActiveCfg = Release|Any CPU
		{594CD73B-53FB-4717-A1AE-A1CF208DC34B}.Release|Any CPU.Build.0 = Release|Any CPU
		{1727275B-7BFC-4D41-9718-945D1053FDA7}.Debug|Any CPU.ActiveCfg = Debug|Any CPU
		{1727275B-7BFC-4D41-9718-945D1053FDA7}.Debug|Any CPU.Build.0 = Debug|Any CPU
		{1727275B-7BFC-4D41-9718-945D1053FDA7}.Release|Any CPU.ActiveCfg = Release|Any CPU
		{1727275B-7BFC-4D41-9718-945D1053FDA7}.Release|Any CPU.Build.0 = Release|Any CPU
		{F57BE551-6F8F-430F-8B88-7784AEE867E3}.Debug|Any CPU.ActiveCfg = Debug|Any CPU
		{F57BE551-6F8F-430F-8B88-7784AEE867E3}.Debug|Any CPU.Build.0 = Debug|Any CPU
		{F57BE551-6F8F-430F-8B88-7784AEE867E3}.Release|Any CPU.ActiveCfg = Release|Any CPU
		{F57BE551-6F8F-430F-8B88-7784AEE867E3}.Release|Any CPU.Build.0 = Release|Any CPU
		{E6CE785E-50AD-4507-9BA7-F775D80AA483}.Debug|Any CPU.ActiveCfg = Debug|Any CPU
		{E6CE785E-50AD-4507-9BA7-F775D80AA483}.Debug|Any CPU.Build.0 = Debug|Any CPU
		{E6CE785E-50AD-4507-9BA7-F775D80AA483}.Release|Any CPU.ActiveCfg = Release|Any CPU
		{E6CE785E-50AD-4507-9BA7-F775D80AA483}.Release|Any CPU.Build.0 = Release|Any CPU
		{EB854ECA-B0E8-4FB1-BF5F-C1F5BA385A9E}.Debug|Any CPU.ActiveCfg = Debug|Any CPU
		{EB854ECA-B0E8-4FB1-BF5F-C1F5BA385A9E}.Debug|Any CPU.Build.0 = Debug|Any CPU
		{EB854ECA-B0E8-4FB1-BF5F-C1F5BA385A9E}.Release|Any CPU.ActiveCfg = Release|Any CPU
		{EB854ECA-B0E8-4FB1-BF5F-C1F5BA385A9E}.Release|Any CPU.Build.0 = Release|Any CPU
		{6C602AF6-3014-4F9E-9E22-3600DC3AB21B}.Debug|Any CPU.ActiveCfg = Debug|Any CPU
		{6C602AF6-3014-4F9E-9E22-3600DC3AB21B}.Debug|Any CPU.Build.0 = Debug|Any CPU
		{6C602AF6-3014-4F9E-9E22-3600DC3AB21B}.Release|Any CPU.ActiveCfg = Release|Any CPU
		{6C602AF6-3014-4F9E-9E22-3600DC3AB21B}.Release|Any CPU.Build.0 = Release|Any CPU
		{AD3C3BE8-4CD4-47B5-BD44-50D641C8124A}.Debug|Any CPU.ActiveCfg = Debug|Any CPU
		{AD3C3BE8-4CD4-47B5-BD44-50D641C8124A}.Debug|Any CPU.Build.0 = Debug|Any CPU
		{AD3C3BE8-4CD4-47B5-BD44-50D641C8124A}.Release|Any CPU.ActiveCfg = Release|Any CPU
		{AD3C3BE8-4CD4-47B5-BD44-50D641C8124A}.Release|Any CPU.Build.0 = Release|Any CPU
		{C6CEF4B8-D9F7-4180-A0DD-AFDE81C4117C}.Debug|Any CPU.ActiveCfg = Debug|Any CPU
		{C6CEF4B8-D9F7-4180-A0DD-AFDE81C4117C}.Debug|Any CPU.Build.0 = Debug|Any CPU
		{C6CEF4B8-D9F7-4180-A0DD-AFDE81C4117C}.Release|Any CPU.ActiveCfg = Release|Any CPU
		{C6CEF4B8-D9F7-4180-A0DD-AFDE81C4117C}.Release|Any CPU.Build.0 = Release|Any CPU
		{C2597955-8A9A-4078-8221-936F79B41316}.Debug|Any CPU.ActiveCfg = Debug|Any CPU
		{C2597955-8A9A-4078-8221-936F79B41316}.Debug|Any CPU.Build.0 = Debug|Any CPU
		{C2597955-8A9A-4078-8221-936F79B41316}.Release|Any CPU.ActiveCfg = Release|Any CPU
		{C2597955-8A9A-4078-8221-936F79B41316}.Release|Any CPU.Build.0 = Release|Any CPU
	EndGlobalSection
	GlobalSection(SolutionProperties) = preSolution
		HideSolutionNode = FALSE
	EndGlobalSection
	GlobalSection(NestedProjects) = preSolution
		{15ECD485-B3FD-4B6F-8491-7489DFFC89BC} = {93E87796-2109-444A-8852-7174C93E6F45}
		{C39D0CC3-C0F2-4B58-8779-2CCB5B52534C} = {93E87796-2109-444A-8852-7174C93E6F45}
		{F26A518B-8864-478D-A7AF-6F11A20CEA1A} = {15ECD485-B3FD-4B6F-8491-7489DFFC89BC}
		{28CC2CC1-7674-4619-8825-F9EBB3F534C9} = {15ECD485-B3FD-4B6F-8491-7489DFFC89BC}
		{56A0EC03-3FE5-41E3-B269-4A22FB97BA99} = {15ECD485-B3FD-4B6F-8491-7489DFFC89BC}
		{551DBC30-1541-4BBD-A3CA-566334319126} = {15ECD485-B3FD-4B6F-8491-7489DFFC89BC}
		{4C9B1D06-557D-4DDF-A212-9DE54AB8A3F1} = {15ECD485-B3FD-4B6F-8491-7489DFFC89BC}
		{C7D6CA17-25E1-4465-9BD1-B6D5FE61F556} = {15ECD485-B3FD-4B6F-8491-7489DFFC89BC}
		{538E36EB-C143-4956-A617-C25954E9F2F4} = {15ECD485-B3FD-4B6F-8491-7489DFFC89BC}
		{C43716FF-9587-41FF-A5C1-B3C2096BF44F} = {15ECD485-B3FD-4B6F-8491-7489DFFC89BC}
		{95DF0F77-9871-483A-8E72-675CC2C8AB25} = {15ECD485-B3FD-4B6F-8491-7489DFFC89BC}
		{CD669830-6015-48B1-AF02-EC7F835E7388} = {15ECD485-B3FD-4B6F-8491-7489DFFC89BC}
		{988432AE-CA68-4F6A-9010-8BF73E0C0F3B} = {15ECD485-B3FD-4B6F-8491-7489DFFC89BC}
		{8F498211-1358-4142-9BC9-BEA3B3680747} = {15ECD485-B3FD-4B6F-8491-7489DFFC89BC}
		{594CD73B-53FB-4717-A1AE-A1CF208DC34B} = {15ECD485-B3FD-4B6F-8491-7489DFFC89BC}
		{1727275B-7BFC-4D41-9718-945D1053FDA7} = {15ECD485-B3FD-4B6F-8491-7489DFFC89BC}
		{F57BE551-6F8F-430F-8B88-7784AEE867E3} = {15ECD485-B3FD-4B6F-8491-7489DFFC89BC}
		{E6CE785E-50AD-4507-9BA7-F775D80AA483} = {15ECD485-B3FD-4B6F-8491-7489DFFC89BC}
		{EB854ECA-B0E8-4FB1-BF5F-C1F5BA385A9E} = {15ECD485-B3FD-4B6F-8491-7489DFFC89BC}
		{6C602AF6-3014-4F9E-9E22-3600DC3AB21B} = {C39D0CC3-C0F2-4B58-8779-2CCB5B52534C}
		{AD3C3BE8-4CD4-47B5-BD44-50D641C8124A} = {C39D0CC3-C0F2-4B58-8779-2CCB5B52534C}
		{C6CEF4B8-D9F7-4180-A0DD-AFDE81C4117C} = {C39D0CC3-C0F2-4B58-8779-2CCB5B52534C}
		{C2597955-8A9A-4078-8221-936F79B41316} = {C39D0CC3-C0F2-4B58-8779-2CCB5B52534C}
	EndGlobalSection
	GlobalSection(ExtensibilityGlobals) = postSolution
		SolutionGuid = {7B21C3A9-4153-4372-8A05-012F51A2E4E9}
	EndGlobalSection
	GlobalSection(MonoDevelopProperties) = preSolution
		Policies = $0
		$0.TextStylePolicy = $1
		$1.FileWidth = 120
		$1.TabsToSpaces = False
		$1.inheritsSet = VisualStudio
		$1.inheritsScope = text/plain
		StartupItem = Raspberry.IO.GeneralPurpose\Raspberry.IO.GeneralPurpose.csproj
	EndGlobalSection
EndGlobal
